// !$*UTF8*$!
{
	archiveVersion = 1;
	classes = {
	};
	objectVersion = 51;
	objects = {

/* Begin PBXBuildFile section */
		1717EA4824ED95AA00EF9B6A /* PeopleViewCell.swift in Sources */ = {isa = PBXBuildFile; fileRef = 1717EA4624ED95AA00EF9B6A /* PeopleViewCell.swift */; };
		1717EA4924ED95AA00EF9B6A /* PeopleViewCell.xib in Resources */ = {isa = PBXBuildFile; fileRef = 1717EA4724ED95AA00EF9B6A /* PeopleViewCell.xib */; };
		172385E6250A475D00AE42E5 /* ChatBoard.storyboard in Resources */ = {isa = PBXBuildFile; fileRef = 172385E5250A475D00AE42E5 /* ChatBoard.storyboard */; };
		172385E8250A4CE800AE42E5 /* FriendBoard.storyboard in Resources */ = {isa = PBXBuildFile; fileRef = 172385E7250A4CE800AE42E5 /* FriendBoard.storyboard */; };
		17765DA0251347E700A9BD11 /* LocalAuthentication.framework in Frameworks */ = {isa = PBXBuildFile; fileRef = 17765D9F251347E700A9BD11 /* LocalAuthentication.framework */; };
		177BDB7A24C5DA290098B438 /* RemoteConfigDefaults.plist in Resources */ = {isa = PBXBuildFile; fileRef = 177BDB7924C5DA290098B438 /* RemoteConfigDefaults.plist */; };
		177BDB7C24C5DC7E0098B438 /* SignUpVC.swift in Sources */ = {isa = PBXBuildFile; fileRef = 177BDB7B24C5DC7E0098B438 /* SignUpVC.swift */; };
		177CF79224A22A5F0018F354 /* MyInfo.swift in Sources */ = {isa = PBXBuildFile; fileRef = 177CF79124A22A5F0018F354 /* MyInfo.swift */; };
		1781E40A24BCD9D000E34A6E /* Layer.swift in Sources */ = {isa = PBXBuildFile; fileRef = 1781E40924BCD9D000E34A6E /* Layer.swift */; };
		1794F48B2514F7AA00EEBBBD /* ProfileViewController.swift in Sources */ = {isa = PBXBuildFile; fileRef = 1794F48A2514F7AA00EEBBBD /* ProfileViewController.swift */; };
		17A9185724ACC7AB006D386C /* Color.swift in Sources */ = {isa = PBXBuildFile; fileRef = 17A9185624ACC7AB006D386C /* Color.swift */; };
		17A9424724ED54C700EB1F05 /* LoginVC.swift in Sources */ = {isa = PBXBuildFile; fileRef = 17A9424624ED54C700EB1F05 /* LoginVC.swift */; };
		17A9424924ED559600EB1F05 /* PeopleViewController.swift in Sources */ = {isa = PBXBuildFile; fileRef = 17A9424824ED559600EB1F05 /* PeopleViewController.swift */; };
		17A9424B24ED561100EB1F05 /* ChatViewController.swift in Sources */ = {isa = PBXBuildFile; fileRef = 17A9424A24ED561100EB1F05 /* ChatViewController.swift */; };
		17A9424D24ED584D00EB1F05 /* ChatRoomViewController.swift in Sources */ = {isa = PBXBuildFile; fileRef = 17A9424C24ED584D00EB1F05 /* ChatRoomViewController.swift */; };
		17A9424F24ED58AA00EB1F05 /* MyMessageCell.xib in Resources */ = {isa = PBXBuildFile; fileRef = 17A9424E24ED58AA00EB1F05 /* MyMessageCell.xib */; };
		17A9425124ED58D200EB1F05 /* MyMessageCell.swift in Sources */ = {isa = PBXBuildFile; fileRef = 17A9425024ED58D200EB1F05 /* MyMessageCell.swift */; };
		17A9425324ED592200EB1F05 /* DestinationMessageCell.swift in Sources */ = {isa = PBXBuildFile; fileRef = 17A9425224ED592200EB1F05 /* DestinationMessageCell.swift */; };
		17A9425524ED592B00EB1F05 /* DestinationMessageCell.xib in Resources */ = {isa = PBXBuildFile; fileRef = 17A9425424ED592B00EB1F05 /* DestinationMessageCell.xib */; };
		17BE1C8324C23EF500D74282 /* GoogleService-Info.plist in Resources */ = {isa = PBXBuildFile; fileRef = 17BE1C8224C23EF500D74282 /* GoogleService-Info.plist */; };
		17D5038B2510D1AA008D6966 /* MyPageViewController.swift in Sources */ = {isa = PBXBuildFile; fileRef = 17D5038A2510D1AA008D6966 /* MyPageViewController.swift */; };
		17EA4B6124A1F4C00010E3B7 /* AppDelegate.swift in Sources */ = {isa = PBXBuildFile; fileRef = 17EA4B6024A1F4C00010E3B7 /* AppDelegate.swift */; };
		17EA4B6824A1F4C00010E3B7 /* Main.storyboard in Resources */ = {isa = PBXBuildFile; fileRef = 17EA4B6624A1F4C00010E3B7 /* Main.storyboard */; };
		17EA4B6A24A1F4C20010E3B7 /* Assets.xcassets in Resources */ = {isa = PBXBuildFile; fileRef = 17EA4B6924A1F4C20010E3B7 /* Assets.xcassets */; };
		17EA4B6D24A1F4C20010E3B7 /* LaunchScreen.storyboard in Resources */ = {isa = PBXBuildFile; fileRef = 17EA4B6B24A1F4C20010E3B7 /* LaunchScreen.storyboard */; };
		17EA4B7B24A1FAAB0010E3B7 /* LoadingVC.swift in Sources */ = {isa = PBXBuildFile; fileRef = 17EA4B7A24A1FAAB0010E3B7 /* LoadingVC.swift */; };
		3CB31E7BA1BBFC194D3184D8 /* Pods_WiTalk.framework in Frameworks */ = {isa = PBXBuildFile; fileRef = 37110CC59235362548CB2D84 /* Pods_WiTalk.framework */; };
/* End PBXBuildFile section */

/* Begin PBXFileReference section */
		1717EA4524ED7E9700EF9B6A /* WiTalk.entitlements */ = {isa = PBXFileReference; lastKnownFileType = text.plist.entitlements; path = WiTalk.entitlements; sourceTree = "<group>"; };
		1717EA4624ED95AA00EF9B6A /* PeopleViewCell.swift */ = {isa = PBXFileReference; lastKnownFileType = sourcecode.swift; path = PeopleViewCell.swift; sourceTree = "<group>"; };
		1717EA4724ED95AA00EF9B6A /* PeopleViewCell.xib */ = {isa = PBXFileReference; lastKnownFileType = file.xib; path = PeopleViewCell.xib; sourceTree = "<group>"; };
		172385E5250A475D00AE42E5 /* ChatBoard.storyboard */ = {isa = PBXFileReference; lastKnownFileType = file.storyboard; path = ChatBoard.storyboard; sourceTree = "<group>"; };
		172385E7250A4CE800AE42E5 /* FriendBoard.storyboard */ = {isa = PBXFileReference; lastKnownFileType = file.storyboard; path = FriendBoard.storyboard; sourceTree = "<group>"; };
		17765D9F251347E700A9BD11 /* LocalAuthentication.framework */ = {isa = PBXFileReference; lastKnownFileType = wrapper.framework; name = LocalAuthentication.framework; path = System/Library/Frameworks/LocalAuthentication.framework; sourceTree = SDKROOT; };
		177BDB7924C5DA290098B438 /* RemoteConfigDefaults.plist */ = {isa = PBXFileReference; lastKnownFileType = text.plist.xml; path = RemoteConfigDefaults.plist; sourceTree = "<group>"; };
		177BDB7B24C5DC7E0098B438 /* SignUpVC.swift */ = {isa = PBXFileReference; lastKnownFileType = sourcecode.swift; path = SignUpVC.swift; sourceTree = "<group>"; };
		177CF79124A22A5F0018F354 /* MyInfo.swift */ = {isa = PBXFileReference; lastKnownFileType = sourcecode.swift; path = MyInfo.swift; sourceTree = "<group>"; };
		1781E40924BCD9D000E34A6E /* Layer.swift */ = {isa = PBXFileReference; lastKnownFileType = sourcecode.swift; path = Layer.swift; sourceTree = "<group>"; };
		1794F48A2514F7AA00EEBBBD /* ProfileViewController.swift */ = {isa = PBXFileReference; lastKnownFileType = sourcecode.swift; path = ProfileViewController.swift; sourceTree = "<group>"; };
		17A9185624ACC7AB006D386C /* Color.swift */ = {isa = PBXFileReference; lastKnownFileType = sourcecode.swift; path = Color.swift; sourceTree = "<group>"; };
		17A9424624ED54C700EB1F05 /* LoginVC.swift */ = {isa = PBXFileReference; lastKnownFileType = sourcecode.swift; path = LoginVC.swift; sourceTree = "<group>"; };
		17A9424824ED559600EB1F05 /* PeopleViewController.swift */ = {isa = PBXFileReference; lastKnownFileType = sourcecode.swift; path = PeopleViewController.swift; sourceTree = "<group>"; };
		17A9424A24ED561100EB1F05 /* ChatViewController.swift */ = {isa = PBXFileReference; lastKnownFileType = sourcecode.swift; path = ChatViewController.swift; sourceTree = "<group>"; };
		17A9424C24ED584D00EB1F05 /* ChatRoomViewController.swift */ = {isa = PBXFileReference; lastKnownFileType = sourcecode.swift; path = ChatRoomViewController.swift; sourceTree = "<group>"; };
		17A9424E24ED58AA00EB1F05 /* MyMessageCell.xib */ = {isa = PBXFileReference; lastKnownFileType = file.xib; path = MyMessageCell.xib; sourceTree = "<group>"; };
		17A9425024ED58D200EB1F05 /* MyMessageCell.swift */ = {isa = PBXFileReference; lastKnownFileType = sourcecode.swift; path = MyMessageCell.swift; sourceTree = "<group>"; };
		17A9425224ED592200EB1F05 /* DestinationMessageCell.swift */ = {isa = PBXFileReference; lastKnownFileType = sourcecode.swift; path = DestinationMessageCell.swift; sourceTree = "<group>"; };
		17A9425424ED592B00EB1F05 /* DestinationMessageCell.xib */ = {isa = PBXFileReference; lastKnownFileType = file.xib; path = DestinationMessageCell.xib; sourceTree = "<group>"; };
		17BE1C8224C23EF500D74282 /* GoogleService-Info.plist */ = {isa = PBXFileReference; fileEncoding = 4; lastKnownFileType = text.plist.xml; path = "GoogleService-Info.plist"; sourceTree = "<group>"; };
		17D5038A2510D1AA008D6966 /* MyPageViewController.swift */ = {isa = PBXFileReference; lastKnownFileType = sourcecode.swift; path = MyPageViewController.swift; sourceTree = "<group>"; };
		17EA4B5D24A1F4C00010E3B7 /* WiTalk.app */ = {isa = PBXFileReference; explicitFileType = wrapper.application; includeInIndex = 0; path = WiTalk.app; sourceTree = BUILT_PRODUCTS_DIR; };
		17EA4B6024A1F4C00010E3B7 /* AppDelegate.swift */ = {isa = PBXFileReference; lastKnownFileType = sourcecode.swift; path = AppDelegate.swift; sourceTree = "<group>"; };
		17EA4B6724A1F4C00010E3B7 /* Base */ = {isa = PBXFileReference; lastKnownFileType = file.storyboard; name = Base; path = Base.lproj/Main.storyboard; sourceTree = "<group>"; };
		17EA4B6924A1F4C20010E3B7 /* Assets.xcassets */ = {isa = PBXFileReference; lastKnownFileType = folder.assetcatalog; path = Assets.xcassets; sourceTree = "<group>"; };
		17EA4B6C24A1F4C20010E3B7 /* Base */ = {isa = PBXFileReference; lastKnownFileType = file.storyboard; name = Base; path = Base.lproj/LaunchScreen.storyboard; sourceTree = "<group>"; };
		17EA4B6E24A1F4C20010E3B7 /* Info.plist */ = {isa = PBXFileReference; lastKnownFileType = text.plist.xml; path = Info.plist; sourceTree = "<group>"; };
		17EA4B7A24A1FAAB0010E3B7 /* LoadingVC.swift */ = {isa = PBXFileReference; lastKnownFileType = sourcecode.swift; path = LoadingVC.swift; sourceTree = "<group>"; };
		37110CC59235362548CB2D84 /* Pods_WiTalk.framework */ = {isa = PBXFileReference; explicitFileType = wrapper.framework; includeInIndex = 0; path = Pods_WiTalk.framework; sourceTree = BUILT_PRODUCTS_DIR; };
		A9E5E9044D7590BD82E0DB47 /* Pods-WiTalk.debug.xcconfig */ = {isa = PBXFileReference; includeInIndex = 1; lastKnownFileType = text.xcconfig; name = "Pods-WiTalk.debug.xcconfig"; path = "Target Support Files/Pods-WiTalk/Pods-WiTalk.debug.xcconfig"; sourceTree = "<group>"; };
		AFFC3519D1E1587572EAAC1C /* Pods-WiTalk.release.xcconfig */ = {isa = PBXFileReference; includeInIndex = 1; lastKnownFileType = text.xcconfig; name = "Pods-WiTalk.release.xcconfig"; path = "Target Support Files/Pods-WiTalk/Pods-WiTalk.release.xcconfig"; sourceTree = "<group>"; };
/* End PBXFileReference section */

/* Begin PBXFrameworksBuildPhase section */
		17EA4B5A24A1F4C00010E3B7 /* Frameworks */ = {
			isa = PBXFrameworksBuildPhase;
			buildActionMask = 2147483647;
			files = (
				17765DA0251347E700A9BD11 /* LocalAuthentication.framework in Frameworks */,
				3CB31E7BA1BBFC194D3184D8 /* Pods_WiTalk.framework in Frameworks */,
			);
			runOnlyForDeploymentPostprocessing = 0;
		};
/* End PBXFrameworksBuildPhase section */

/* Begin PBXGroup section */
		176DE24A24AF40E60005ABA2 /* New Group */ = {
			isa = PBXGroup;
			children = (
				177CF79124A22A5F0018F354 /* MyInfo.swift */,
				17A9185624ACC7AB006D386C /* Color.swift */,
				1781E40924BCD9D000E34A6E /* Layer.swift */,
			);
			path = "New Group";
			sourceTree = "<group>";
		};
		179E8DF525173BAC008EB4A1 /* FriendBoard */ = {
			isa = PBXGroup;
			children = (
				17A9424824ED559600EB1F05 /* PeopleViewController.swift */,
				1717EA4624ED95AA00EF9B6A /* PeopleViewCell.swift */,
				1717EA4724ED95AA00EF9B6A /* PeopleViewCell.xib */,
				172385E7250A4CE800AE42E5 /* FriendBoard.storyboard */,
				1794F48A2514F7AA00EEBBBD /* ProfileViewController.swift */,
			);
			path = FriendBoard;
			sourceTree = "<group>";
		};
		179E8DF825173BF8008EB4A1 /* ChatBoard */ = {
			isa = PBXGroup;
			children = (
				17A9424A24ED561100EB1F05 /* ChatViewController.swift */,
				17A9424C24ED584D00EB1F05 /* ChatRoomViewController.swift */,
				17A9424E24ED58AA00EB1F05 /* MyMessageCell.xib */,
				17A9425024ED58D200EB1F05 /* MyMessageCell.swift */,
				17A9425224ED592200EB1F05 /* DestinationMessageCell.swift */,
				17A9425424ED592B00EB1F05 /* DestinationMessageCell.xib */,
				172385E5250A475D00AE42E5 /* ChatBoard.storyboard */,
			);
			path = ChatBoard;
			sourceTree = "<group>";
		};
		179E8DFA25173C1A008EB4A1 /* MainBoard */ = {
			isa = PBXGroup;
			children = (
				17EA4B7A24A1FAAB0010E3B7 /* LoadingVC.swift */,
				17EA4B6624A1F4C00010E3B7 /* Main.storyboard */,
				177BDB7B24C5DC7E0098B438 /* SignUpVC.swift */,
				17A9424624ED54C700EB1F05 /* LoginVC.swift */,
				17D5038A2510D1AA008D6966 /* MyPageViewController.swift */,
			);
			path = MainBoard;
			sourceTree = "<group>";
		};
		17EA4B5424A1F4C00010E3B7 = {
			isa = PBXGroup;
			children = (
				17EA4B5F24A1F4C00010E3B7 /* WiTalk */,
				17EA4B5E24A1F4C00010E3B7 /* Products */,
				C10B3447A6B73BE0EC504CB9 /* Pods */,
				FFA024560757ED93D12FF28E /* Frameworks */,
			);
			sourceTree = "<group>";
		};
		17EA4B5E24A1F4C00010E3B7 /* Products */ = {
			isa = PBXGroup;
			children = (
				17EA4B5D24A1F4C00010E3B7 /* WiTalk.app */,
			);
			name = Products;
			sourceTree = "<group>";
		};
		17EA4B5F24A1F4C00010E3B7 /* WiTalk */ = {
			isa = PBXGroup;
			children = (
				1717EA4524ED7E9700EF9B6A /* WiTalk.entitlements */,
				17BE1C8224C23EF500D74282 /* GoogleService-Info.plist */,
				177BDB7924C5DA290098B438 /* RemoteConfigDefaults.plist */,
				17EA4B6024A1F4C00010E3B7 /* AppDelegate.swift */,
				17EA4B6924A1F4C20010E3B7 /* Assets.xcassets */,
				17EA4B6B24A1F4C20010E3B7 /* LaunchScreen.storyboard */,
				17EA4B6E24A1F4C20010E3B7 /* Info.plist */,
				176DE24A24AF40E60005ABA2 /* New Group */,
				179E8DFA25173C1A008EB4A1 /* MainBoard */,
				179E8DF825173BF8008EB4A1 /* ChatBoard */,
				179E8DF525173BAC008EB4A1 /* FriendBoard */,
			);
			path = WiTalk;
			sourceTree = "<group>";
		};
		C10B3447A6B73BE0EC504CB9 /* Pods */ = {
			isa = PBXGroup;
			children = (
				A9E5E9044D7590BD82E0DB47 /* Pods-WiTalk.debug.xcconfig */,
				AFFC3519D1E1587572EAAC1C /* Pods-WiTalk.release.xcconfig */,
			);
			path = Pods;
			sourceTree = "<group>";
		};
		FFA024560757ED93D12FF28E /* Frameworks */ = {
			isa = PBXGroup;
			children = (
				17765D9F251347E700A9BD11 /* LocalAuthentication.framework */,
				37110CC59235362548CB2D84 /* Pods_WiTalk.framework */,
			);
			name = Frameworks;
			sourceTree = "<group>";
		};
/* End PBXGroup section */

/* Begin PBXNativeTarget section */
		17EA4B5C24A1F4C00010E3B7 /* WiTalk */ = {
			isa = PBXNativeTarget;
			buildConfigurationList = 17EA4B7124A1F4C20010E3B7 /* Build configuration list for PBXNativeTarget "WiTalk" */;
			buildPhases = (
				92E1FB2863A459B705B69752 /* [CP] Check Pods Manifest.lock */,
				17EA4B5924A1F4C00010E3B7 /* Sources */,
				17EA4B5A24A1F4C00010E3B7 /* Frameworks */,
				17EA4B5B24A1F4C00010E3B7 /* Resources */,
				04EBE93202D415F9570475D5 /* [CP] Embed Pods Frameworks */,
			);
			buildRules = (
			);
			dependencies = (
			);
			name = WiTalk;
			productName = WiTalk;
			productReference = 17EA4B5D24A1F4C00010E3B7 /* WiTalk.app */;
			productType = "com.apple.product-type.application";
		};
/* End PBXNativeTarget section */

/* Begin PBXProject section */
		17EA4B5524A1F4C00010E3B7 /* Project object */ = {
			isa = PBXProject;
			attributes = {
				LastSwiftUpdateCheck = 1150;
				LastUpgradeCheck = 1200;
				ORGANIZATIONNAME = "위대연";
				TargetAttributes = {
					17EA4B5C24A1F4C00010E3B7 = {
						CreatedOnToolsVersion = 11.5;
					};
				};
			};
			buildConfigurationList = 17EA4B5824A1F4C00010E3B7 /* Build configuration list for PBXProject "WiTalk" */;
			compatibilityVersion = "Xcode 9.3";
			developmentRegion = en;
			hasScannedForEncodings = 0;
			knownRegions = (
				en,
				Base,
			);
			mainGroup = 17EA4B5424A1F4C00010E3B7;
			productRefGroup = 17EA4B5E24A1F4C00010E3B7 /* Products */;
			projectDirPath = "";
			projectRoot = "";
			targets = (
				17EA4B5C24A1F4C00010E3B7 /* WiTalk */,
			);
		};
/* End PBXProject section */

/* Begin PBXResourcesBuildPhase section */
		17EA4B5B24A1F4C00010E3B7 /* Resources */ = {
			isa = PBXResourcesBuildPhase;
			buildActionMask = 2147483647;
			files = (
				17EA4B6D24A1F4C20010E3B7 /* LaunchScreen.storyboard in Resources */,
				17A9424F24ED58AA00EB1F05 /* MyMessageCell.xib in Resources */,
				17EA4B6A24A1F4C20010E3B7 /* Assets.xcassets in Resources */,
				1717EA4924ED95AA00EF9B6A /* PeopleViewCell.xib in Resources */,
				177BDB7A24C5DA290098B438 /* RemoteConfigDefaults.plist in Resources */,
				172385E8250A4CE800AE42E5 /* FriendBoard.storyboard in Resources */,
				17BE1C8324C23EF500D74282 /* GoogleService-Info.plist in Resources */,
				172385E6250A475D00AE42E5 /* ChatBoard.storyboard in Resources */,
				17A9425524ED592B00EB1F05 /* DestinationMessageCell.xib in Resources */,
				17EA4B6824A1F4C00010E3B7 /* Main.storyboard in Resources */,
			);
			runOnlyForDeploymentPostprocessing = 0;
		};
/* End PBXResourcesBuildPhase section */

/* Begin PBXShellScriptBuildPhase section */
		04EBE93202D415F9570475D5 /* [CP] Embed Pods Frameworks */ = {
			isa = PBXShellScriptBuildPhase;
			buildActionMask = 2147483647;
			files = (
			);
			inputFileListPaths = (
				"${PODS_ROOT}/Target Support Files/Pods-WiTalk/Pods-WiTalk-frameworks-${CONFIGURATION}-input-files.xcfilelist",
			);
			name = "[CP] Embed Pods Frameworks";
			outputFileListPaths = (
				"${PODS_ROOT}/Target Support Files/Pods-WiTalk/Pods-WiTalk-frameworks-${CONFIGURATION}-output-files.xcfilelist",
			);
			runOnlyForDeploymentPostprocessing = 0;
			shellPath = /bin/sh;
			shellScript = "\"${PODS_ROOT}/Target Support Files/Pods-WiTalk/Pods-WiTalk-frameworks.sh\"\n";
			showEnvVarsInLog = 0;
		};
		92E1FB2863A459B705B69752 /* [CP] Check Pods Manifest.lock */ = {
			isa = PBXShellScriptBuildPhase;
			buildActionMask = 2147483647;
			files = (
			);
			inputFileListPaths = (
			);
			inputPaths = (
				"${PODS_PODFILE_DIR_PATH}/Podfile.lock",
				"${PODS_ROOT}/Manifest.lock",
			);
			name = "[CP] Check Pods Manifest.lock";
			outputFileListPaths = (
			);
			outputPaths = (
				"$(DERIVED_FILE_DIR)/Pods-WiTalk-checkManifestLockResult.txt",
			);
			runOnlyForDeploymentPostprocessing = 0;
			shellPath = /bin/sh;
			shellScript = "diff \"${PODS_PODFILE_DIR_PATH}/Podfile.lock\" \"${PODS_ROOT}/Manifest.lock\" > /dev/null\nif [ $? != 0 ] ; then\n    # print error to STDERR\n    echo \"error: The sandbox is not in sync with the Podfile.lock. Run 'pod install' or update your CocoaPods installation.\" >&2\n    exit 1\nfi\n# This output is used by Xcode 'outputs' to avoid re-running this script phase.\necho \"SUCCESS\" > \"${SCRIPT_OUTPUT_FILE_0}\"\n";
			showEnvVarsInLog = 0;
		};
/* End PBXShellScriptBuildPhase section */

/* Begin PBXSourcesBuildPhase section */
		17EA4B5924A1F4C00010E3B7 /* Sources */ = {
			isa = PBXSourcesBuildPhase;
			buildActionMask = 2147483647;
			files = (
				1781E40A24BCD9D000E34A6E /* Layer.swift in Sources */,
				17A9424924ED559600EB1F05 /* PeopleViewController.swift in Sources */,
				17EA4B6124A1F4C00010E3B7 /* AppDelegate.swift in Sources */,
				17A9424724ED54C700EB1F05 /* LoginVC.swift in Sources */,
				177CF79224A22A5F0018F354 /* MyInfo.swift in Sources */,
				1717EA4824ED95AA00EF9B6A /* PeopleViewCell.swift in Sources */,
				177BDB7C24C5DC7E0098B438 /* SignUpVC.swift in Sources */,
				17A9425324ED592200EB1F05 /* DestinationMessageCell.swift in Sources */,
				17EA4B7B24A1FAAB0010E3B7 /* LoadingVC.swift in Sources */,
				17D5038B2510D1AA008D6966 /* MyPageViewController.swift in Sources */,
				17A9424D24ED584D00EB1F05 /* ChatRoomViewController.swift in Sources */,
				17A9424B24ED561100EB1F05 /* ChatViewController.swift in Sources */,
				1794F48B2514F7AA00EEBBBD /* ProfileViewController.swift in Sources */,
				17A9185724ACC7AB006D386C /* Color.swift in Sources */,
				17A9425124ED58D200EB1F05 /* MyMessageCell.swift in Sources */,
			);
			runOnlyForDeploymentPostprocessing = 0;
		};
/* End PBXSourcesBuildPhase section */

/* Begin PBXVariantGroup section */
		17EA4B6624A1F4C00010E3B7 /* Main.storyboard */ = {
			isa = PBXVariantGroup;
			children = (
				17EA4B6724A1F4C00010E3B7 /* Base */,
			);
			name = Main.storyboard;
			sourceTree = "<group>";
		};
		17EA4B6B24A1F4C20010E3B7 /* LaunchScreen.storyboard */ = {
			isa = PBXVariantGroup;
			children = (
				17EA4B6C24A1F4C20010E3B7 /* Base */,
			);
			name = LaunchScreen.storyboard;
			sourceTree = "<group>";
		};
/* End PBXVariantGroup section */

/* Begin XCBuildConfiguration section */
		17EA4B6F24A1F4C20010E3B7 /* Debug */ = {
			isa = XCBuildConfiguration;
			buildSettings = {
				ALWAYS_SEARCH_USER_PATHS = NO;
				CLANG_ANALYZER_NONNULL = YES;
				CLANG_ANALYZER_NUMBER_OBJECT_CONVERSION = YES_AGGRESSIVE;
				CLANG_CXX_LANGUAGE_STANDARD = "gnu++14";
				CLANG_CXX_LIBRARY = "libc++";
				CLANG_ENABLE_MODULES = YES;
				CLANG_ENABLE_OBJC_ARC = YES;
				CLANG_ENABLE_OBJC_WEAK = YES;
				CLANG_WARN_BLOCK_CAPTURE_AUTORELEASING = YES;
				CLANG_WARN_BOOL_CONVERSION = YES;
				CLANG_WARN_COMMA = YES;
				CLANG_WARN_CONSTANT_CONVERSION = YES;
				CLANG_WARN_DEPRECATED_OBJC_IMPLEMENTATIONS = YES;
				CLANG_WARN_DIRECT_OBJC_ISA_USAGE = YES_ERROR;
				CLANG_WARN_DOCUMENTATION_COMMENTS = YES;
				CLANG_WARN_EMPTY_BODY = YES;
				CLANG_WARN_ENUM_CONVERSION = YES;
				CLANG_WARN_INFINITE_RECURSION = YES;
				CLANG_WARN_INT_CONVERSION = YES;
				CLANG_WARN_NON_LITERAL_NULL_CONVERSION = YES;
				CLANG_WARN_OBJC_IMPLICIT_RETAIN_SELF = YES;
				CLANG_WARN_OBJC_LITERAL_CONVERSION = YES;
				CLANG_WARN_OBJC_ROOT_CLASS = YES_ERROR;
				CLANG_WARN_QUOTED_INCLUDE_IN_FRAMEWORK_HEADER = YES;
				CLANG_WARN_RANGE_LOOP_ANALYSIS = YES;
				CLANG_WARN_STRICT_PROTOTYPES = YES;
				CLANG_WARN_SUSPICIOUS_MOVE = YES;
				CLANG_WARN_UNGUARDED_AVAILABILITY = YES_AGGRESSIVE;
				CLANG_WARN_UNREACHABLE_CODE = YES;
				CLANG_WARN__DUPLICATE_METHOD_MATCH = YES;
				COPY_PHASE_STRIP = NO;
				DEBUG_INFORMATION_FORMAT = dwarf;
				ENABLE_STRICT_OBJC_MSGSEND = YES;
				ENABLE_TESTABILITY = YES;
				GCC_C_LANGUAGE_STANDARD = gnu11;
				GCC_DYNAMIC_NO_PIC = NO;
				GCC_NO_COMMON_BLOCKS = YES;
				GCC_OPTIMIZATION_LEVEL = 0;
				GCC_PREPROCESSOR_DEFINITIONS = (
					"DEBUG=1",
					"$(inherited)",
				);
				GCC_WARN_64_TO_32_BIT_CONVERSION = YES;
				GCC_WARN_ABOUT_RETURN_TYPE = YES_ERROR;
				GCC_WARN_UNDECLARED_SELECTOR = YES;
				GCC_WARN_UNINITIALIZED_AUTOS = YES_AGGRESSIVE;
				GCC_WARN_UNUSED_FUNCTION = YES;
				GCC_WARN_UNUSED_VARIABLE = YES;
				IPHONEOS_DEPLOYMENT_TARGET = 12.0;
				MTL_ENABLE_DEBUG_INFO = INCLUDE_SOURCE;
				MTL_FAST_MATH = YES;
				ONLY_ACTIVE_ARCH = YES;
				SDKROOT = iphoneos;
				SWIFT_ACTIVE_COMPILATION_CONDITIONS = DEBUG;
				SWIFT_OPTIMIZATION_LEVEL = "-Onone";
			};
			name = Debug;
		};
		17EA4B7024A1F4C20010E3B7 /* Release */ = {
			isa = XCBuildConfiguration;
			buildSettings = {
				ALWAYS_SEARCH_USER_PATHS = NO;
				CLANG_ANALYZER_NONNULL = YES;
				CLANG_ANALYZER_NUMBER_OBJECT_CONVERSION = YES_AGGRESSIVE;
				CLANG_CXX_LANGUAGE_STANDARD = "gnu++14";
				CLANG_CXX_LIBRARY = "libc++";
				CLANG_ENABLE_MODULES = YES;
				CLANG_ENABLE_OBJC_ARC = YES;
				CLANG_ENABLE_OBJC_WEAK = YES;
				CLANG_WARN_BLOCK_CAPTURE_AUTORELEASING = YES;
				CLANG_WARN_BOOL_CONVERSION = YES;
				CLANG_WARN_COMMA = YES;
				CLANG_WARN_CONSTANT_CONVERSION = YES;
				CLANG_WARN_DEPRECATED_OBJC_IMPLEMENTATIONS = YES;
				CLANG_WARN_DIRECT_OBJC_ISA_USAGE = YES_ERROR;
				CLANG_WARN_DOCUMENTATION_COMMENTS = YES;
				CLANG_WARN_EMPTY_BODY = YES;
				CLANG_WARN_ENUM_CONVERSION = YES;
				CLANG_WARN_INFINITE_RECURSION = YES;
				CLANG_WARN_INT_CONVERSION = YES;
				CLANG_WARN_NON_LITERAL_NULL_CONVERSION = YES;
				CLANG_WARN_OBJC_IMPLICIT_RETAIN_SELF = YES;
				CLANG_WARN_OBJC_LITERAL_CONVERSION = YES;
				CLANG_WARN_OBJC_ROOT_CLASS = YES_ERROR;
				CLANG_WARN_QUOTED_INCLUDE_IN_FRAMEWORK_HEADER = YES;
				CLANG_WARN_RANGE_LOOP_ANALYSIS = YES;
				CLANG_WARN_STRICT_PROTOTYPES = YES;
				CLANG_WARN_SUSPICIOUS_MOVE = YES;
				CLANG_WARN_UNGUARDED_AVAILABILITY = YES_AGGRESSIVE;
				CLANG_WARN_UNREACHABLE_CODE = YES;
				CLANG_WARN__DUPLICATE_METHOD_MATCH = YES;
				COPY_PHASE_STRIP = NO;
				DEBUG_INFORMATION_FORMAT = "dwarf-with-dsym";
				ENABLE_NS_ASSERTIONS = NO;
				ENABLE_STRICT_OBJC_MSGSEND = YES;
				GCC_C_LANGUAGE_STANDARD = gnu11;
				GCC_NO_COMMON_BLOCKS = YES;
				GCC_WARN_64_TO_32_BIT_CONVERSION = YES;
				GCC_WARN_ABOUT_RETURN_TYPE = YES_ERROR;
				GCC_WARN_UNDECLARED_SELECTOR = YES;
				GCC_WARN_UNINITIALIZED_AUTOS = YES_AGGRESSIVE;
				GCC_WARN_UNUSED_FUNCTION = YES;
				GCC_WARN_UNUSED_VARIABLE = YES;
				IPHONEOS_DEPLOYMENT_TARGET = 12.0;
				MTL_ENABLE_DEBUG_INFO = NO;
				MTL_FAST_MATH = YES;
				SDKROOT = iphoneos;
				SWIFT_COMPILATION_MODE = wholemodule;
				SWIFT_OPTIMIZATION_LEVEL = "-O";
				VALIDATE_PRODUCT = YES;
			};
			name = Release;
		};
		17EA4B7224A1F4C20010E3B7 /* Debug */ = {
			isa = XCBuildConfiguration;
			baseConfigurationReference = A9E5E9044D7590BD82E0DB47 /* Pods-WiTalk.debug.xcconfig */;
			buildSettings = {
				ASSETCATALOG_COMPILER_APPICON_NAME = AppIcon;
				CODE_SIGN_ENTITLEMENTS = WiTalk/WiTalk.entitlements;
				CODE_SIGN_STYLE = Automatic;
				DEVELOPMENT_TEAM = Q77G9L4656;
				INFOPLIST_FILE = WiTalk/Info.plist;
				IPHONEOS_DEPLOYMENT_TARGET = 12.0;
				LD_RUNPATH_SEARCH_PATHS = (
					"$(inherited)",
					"@executable_path/Frameworks",
				);
				PRODUCT_BUNDLE_IDENTIFIER = com.dy.WiTalk;
				PRODUCT_NAME = "$(TARGET_NAME)";
				SWIFT_VERSION = 5.0;
				TARGETED_DEVICE_FAMILY = "1,2";
			};
			name = Debug;
		};
		17EA4B7324A1F4C20010E3B7 /* Release */ = {
			isa = XCBuildConfiguration;
			baseConfigurationReference = AFFC3519D1E1587572EAAC1C /* Pods-WiTalk.release.xcconfig */;
			buildSettings = {
				ASSETCATALOG_COMPILER_APPICON_NAME = AppIcon;
				CODE_SIGN_ENTITLEMENTS = WiTalk/WiTalk.entitlements;
				CODE_SIGN_STYLE = Automatic;
				DEVELOPMENT_TEAM = Q77G9L4656;
				INFOPLIST_FILE = WiTalk/Info.plist;
				IPHONEOS_DEPLOYMENT_TARGET = 12.0;
				LD_RUNPATH_SEARCH_PATHS = (
					"$(inherited)",
					"@executable_path/Frameworks",
				);
				PRODUCT_BUNDLE_IDENTIFIER = com.dy.WiTalk;
				PRODUCT_NAME = "$(TARGET_NAME)";
				SWIFT_VERSION = 5.0;
				TARGETED_DEVICE_FAMILY = "1,2";
			};
			name = Release;
		};
/* End XCBuildConfiguration section */

/* Begin XCConfigurationList section */
		17EA4B5824A1F4C00010E3B7 /* Build configuration list for PBXProject "WiTalk" */ = {
			isa = XCConfigurationList;
			buildConfigurations = (
				17EA4B6F24A1F4C20010E3B7 /* Debug */,
				17EA4B7024A1F4C20010E3B7 /* Release */,
			);
			defaultConfigurationIsVisible = 0;
			defaultConfigurationName = Release;
		};
		17EA4B7124A1F4C20010E3B7 /* Build configuration list for PBXNativeTarget "WiTalk" */ = {
			isa = XCConfigurationList;
			buildConfigurations = (
				17EA4B7224A1F4C20010E3B7 /* Debug */,
				17EA4B7324A1F4C20010E3B7 /* Release */,
			);
			defaultConfigurationIsVisible = 0;
			defaultConfigurationName = Release;
		};
/* End XCConfigurationList section */
	};
	rootObject = 17EA4B5524A1F4C00010E3B7 /* Project object */;
}
